// !$*UTF8*$!
{
	archiveVersion = 1;
	classes = {
	};
	objectVersion = 56;
	objects = {

/* Begin PBXBuildFile section */
		3B428E682CD96146007FB8C3 /* PaymentResultView .swift in Sources */ = {isa = PBXBuildFile; fileRef = 3B428E672CD96146007FB8C3 /* PaymentResultView .swift */; };
		3B46C91D2C9C65F400053008 /* Tab.swift in Sources */ = {isa = PBXBuildFile; fileRef = 3B46C91C2C9C65F400053008 /* Tab.swift */; };
		3B46C91F2C9C6B3B00053008 /* TabViews.swift in Sources */ = {isa = PBXBuildFile; fileRef = 3B46C91E2C9C6B3B00053008 /* TabViews.swift */; };
		3B46C9212C9D89CE00053008 /* TabShape.swift in Sources */ = {isa = PBXBuildFile; fileRef = 3B46C9202C9D89CD00053008 /* TabShape.swift */; };
		3B46C9232C9D8CD100053008 /* TapPosition.swift in Sources */ = {isa = PBXBuildFile; fileRef = 3B46C9222C9D8CD100053008 /* TapPosition.swift */; };
		3B46C9252CA1BC7300053008 /* HomeView.swift in Sources */ = {isa = PBXBuildFile; fileRef = 3B46C9242CA1BC7300053008 /* HomeView.swift */; };
		3B46C9272CA1BC9600053008 /* SearchView.swift in Sources */ = {isa = PBXBuildFile; fileRef = 3B46C9262CA1BC9600053008 /* SearchView.swift */; };
		3B46C9292CA1BCAC00053008 /* FavoriteView.swift in Sources */ = {isa = PBXBuildFile; fileRef = 3B46C9282CA1BCAC00053008 /* FavoriteView.swift */; };
		3B46C92B2CA1BCBA00053008 /* OrderView.swift in Sources */ = {isa = PBXBuildFile; fileRef = 3B46C92A2CA1BCBA00053008 /* OrderView.swift */; };
		3B46C92E2CA1BCDF00053008 /* UserView.swift in Sources */ = {isa = PBXBuildFile; fileRef = 3B46C92D2CA1BCDF00053008 /* UserView.swift */; };
		3B46C9362CA30F7C00053008 /* PaymentView.swift in Sources */ = {isa = PBXBuildFile; fileRef = 3B46C9352CA30F7C00053008 /* PaymentView.swift */; };
		3B46C9382CA30F8F00053008 /* PrivacyView.swift in Sources */ = {isa = PBXBuildFile; fileRef = 3B46C9372CA30F8F00053008 /* PrivacyView.swift */; };
		3B46C93A2CA30FA300053008 /* HelpView.swift in Sources */ = {isa = PBXBuildFile; fileRef = 3B46C9392CA30FA300053008 /* HelpView.swift */; };
		3B46C93C2CA30FB600053008 /* SettingView.swift in Sources */ = {isa = PBXBuildFile; fileRef = 3B46C93B2CA30FB600053008 /* SettingView.swift */; };
		3B46C93E2CA30FE000053008 /* ProfileView.swift in Sources */ = {isa = PBXBuildFile; fileRef = 3B46C93D2CA30FE000053008 /* ProfileView.swift */; };
		3B46C9422CAAF9BF00053008 /* LogOutVC.swift in Sources */ = {isa = PBXBuildFile; fileRef = 3B46C9412CAAF9BF00053008 /* LogOutVC.swift */; };
		3B46C9492CAD6AD700053008 /* BurgerModel.swift in Sources */ = {isa = PBXBuildFile; fileRef = 3B46C9482CAD6AD600053008 /* BurgerModel.swift */; };
		3B46C94C2CAD76DF00053008 /* MainViewModel.swift in Sources */ = {isa = PBXBuildFile; fileRef = 3B46C94B2CAD76DF00053008 /* MainViewModel.swift */; };
		3B46C94F2CAD775A00053008 /* NetworkService.swift in Sources */ = {isa = PBXBuildFile; fileRef = 3B46C94E2CAD775A00053008 /* NetworkService.swift */; };
		3B46C9522CAD7C7000053008 /* CachingService.swift in Sources */ = {isa = PBXBuildFile; fileRef = 3B46C9512CAD7C7000053008 /* CachingService.swift */; };
		3B46C9542CB5EDD000053008 /* PizzaModel.swift in Sources */ = {isa = PBXBuildFile; fileRef = 3B46C9532CB5EDD000053008 /* PizzaModel.swift */; };
		3B46C9562CB5F06900053008 /* DesertModel.swift in Sources */ = {isa = PBXBuildFile; fileRef = 3B46C9552CB5F06900053008 /* DesertModel.swift */; };
		3B46C95B2CB7217D00053008 /* fetchImage.swift in Sources */ = {isa = PBXBuildFile; fileRef = 3B46C95A2CB7217D00053008 /* fetchImage.swift */; };
		3B46C95D2CB7376800053008 /* sysImage.swift in Sources */ = {isa = PBXBuildFile; fileRef = 3B46C95C2CB7376800053008 /* sysImage.swift */; };
		3B46C9602CB8510900053008 /* BurgerList.swift in Sources */ = {isa = PBXBuildFile; fileRef = 3B46C95F2CB8510900053008 /* BurgerList.swift */; };
		3B46C9622CB8548F00053008 /* DetailsView.swift in Sources */ = {isa = PBXBuildFile; fileRef = 3B46C9612CB8548F00053008 /* DetailsView.swift */; };
		3B46C9642CB8A24300053008 /* customBackButton.swift in Sources */ = {isa = PBXBuildFile; fileRef = 3B46C9632CB8A24300053008 /* customBackButton.swift */; };
		3B46C9662CB8A69C00053008 /* IngredientsView.swift in Sources */ = {isa = PBXBuildFile; fileRef = 3B46C9652CB8A69C00053008 /* IngredientsView.swift */; };
		3B46C9682CBDC26E00053008 /* CartView.swift in Sources */ = {isa = PBXBuildFile; fileRef = 3B46C9672CBDC26E00053008 /* CartView.swift */; };
		3B46C96A2CCB14A900053008 /* CardDetails.swift in Sources */ = {isa = PBXBuildFile; fileRef = 3B46C9692CCB14A900053008 /* CardDetails.swift */; };
		3B46C96D2CCFCFF400053008 /* CardTypes.swift in Sources */ = {isa = PBXBuildFile; fileRef = 3B46C96C2CCFCFF400053008 /* CardTypes.swift */; };
		3B46C96F2CD029BA00053008 /* CardService.swift in Sources */ = {isa = PBXBuildFile; fileRef = 3B46C96E2CD029BA00053008 /* CardService.swift */; };
		3B51BD772C9B0DEF006DDF95 /* GoogleSignIn in Frameworks */ = {isa = PBXBuildFile; productRef = 3B51BD762C9B0DEF006DDF95 /* GoogleSignIn */; };
		3B51BD792C9B0DEF006DDF95 /* GoogleSignInSwift in Frameworks */ = {isa = PBXBuildFile; productRef = 3B51BD782C9B0DEF006DDF95 /* GoogleSignInSwift */; };
		3B733D912C6AAFEC006D09FD /* AppDelegate.swift in Sources */ = {isa = PBXBuildFile; fileRef = 3B733D902C6AAFEC006D09FD /* AppDelegate.swift */; };
		3B733D932C6AAFEC006D09FD /* SceneDelegate.swift in Sources */ = {isa = PBXBuildFile; fileRef = 3B733D922C6AAFEC006D09FD /* SceneDelegate.swift */; };
		3B733D952C6AAFEC006D09FD /* RegisterVC.swift in Sources */ = {isa = PBXBuildFile; fileRef = 3B733D942C6AAFEC006D09FD /* RegisterVC.swift */; };
		3B733D9A2C6AAFEE006D09FD /* Assets.xcassets in Resources */ = {isa = PBXBuildFile; fileRef = 3B733D992C6AAFEE006D09FD /* Assets.xcassets */; };
		3B733D9D2C6AAFEE006D09FD /* Base in Resources */ = {isa = PBXBuildFile; fileRef = 3B733D9C2C6AAFEE006D09FD /* Base */; };
		3B733DA62C6CBE76006D09FD /* CustomLabel.swift in Sources */ = {isa = PBXBuildFile; fileRef = 3B733DA52C6CBE76006D09FD /* CustomLabel.swift */; };
		3B733DAB2C6CC3A3006D09FD /* customView.swift in Sources */ = {isa = PBXBuildFile; fileRef = 3B733DAA2C6CC3A3006D09FD /* customView.swift */; };
		3B733DAE2C6CC8FD006D09FD /* customStackView.swift in Sources */ = {isa = PBXBuildFile; fileRef = 3B733DAD2C6CC8FD006D09FD /* customStackView.swift */; };
		3B733DB12C6CCE15006D09FD /* customUIImage.swift in Sources */ = {isa = PBXBuildFile; fileRef = 3B733DB02C6CCE15006D09FD /* customUIImage.swift */; };
		3B733DB42C6CD9F2006D09FD /* CustomTextField.swift in Sources */ = {isa = PBXBuildFile; fileRef = 3B733DB32C6CD9F2006D09FD /* CustomTextField.swift */; };
		3B733DB72C6E3428006D09FD /* customButton.swift in Sources */ = {isa = PBXBuildFile; fileRef = 3B733DB62C6E3428006D09FD /* customButton.swift */; };
		3B733DBA2C6E8C44006D09FD /* FiraGO-Regular.otf in Resources */ = {isa = PBXBuildFile; fileRef = 3B733DB92C6E8C44006D09FD /* FiraGO-Regular.otf */; };
		3B733DBC2C6EBBA3006D09FD /* LoginVC.swift in Sources */ = {isa = PBXBuildFile; fileRef = 3B733DBB2C6EBBA3006D09FD /* LoginVC.swift */; };
		3B733DC22C6F6542006D09FD /* UserVC.swift in Sources */ = {isa = PBXBuildFile; fileRef = 3B733DC12C6F6542006D09FD /* UserVC.swift */; };
		3B733DC52C6F6B3E006D09FD /* authService.swift in Sources */ = {isa = PBXBuildFile; fileRef = 3B733DC42C6F6B3E006D09FD /* authService.swift */; };
		3B733DCA2C6F6C12006D09FD /* registerVM.swift in Sources */ = {isa = PBXBuildFile; fileRef = 3B733DC92C6F6C12006D09FD /* registerVM.swift */; };
		3B733DCD2C6F7E7D006D09FD /* alertExtension.swift in Sources */ = {isa = PBXBuildFile; fileRef = 3B733DCC2C6F7E7D006D09FD /* alertExtension.swift */; };
		3B733DD02C6FAF1C006D09FD /* LoginVM.swift in Sources */ = {isa = PBXBuildFile; fileRef = 3B733DCF2C6FAF1B006D09FD /* LoginVM.swift */; };
		3B733DD22C74A9C8006D09FD /* UserViewModel.swift in Sources */ = {isa = PBXBuildFile; fileRef = 3B733DD12C74A9C8006D09FD /* UserViewModel.swift */; };
		3B73A90A2C9ACD4F00E72B9A /* ValidInfo.swift in Sources */ = {isa = PBXBuildFile; fileRef = 3B73A9092C9ACD4F00E72B9A /* ValidInfo.swift */; };
		3BFE1B812CD436CB00201642 /* ScanningCard.swift in Sources */ = {isa = PBXBuildFile; fileRef = 3BFE1B802CD436CB00201642 /* ScanningCard.swift */; };
		3BFE1B832CD4549C00201642 /* ScannerVC.swift in Sources */ = {isa = PBXBuildFile; fileRef = 3BFE1B822CD4549C00201642 /* ScannerVC.swift */; };
/* End PBXBuildFile section */

/* Begin PBXFileReference section */
		3B428E672CD96146007FB8C3 /* PaymentResultView .swift */ = {isa = PBXFileReference; lastKnownFileType = sourcecode.swift; path = "PaymentResultView .swift"; sourceTree = "<group>"; };
		3B46C91C2C9C65F400053008 /* Tab.swift */ = {isa = PBXFileReference; lastKnownFileType = sourcecode.swift; path = Tab.swift; sourceTree = "<group>"; };
		3B46C91E2C9C6B3B00053008 /* TabViews.swift */ = {isa = PBXFileReference; lastKnownFileType = sourcecode.swift; path = TabViews.swift; sourceTree = "<group>"; };
		3B46C9202C9D89CD00053008 /* TabShape.swift */ = {isa = PBXFileReference; lastKnownFileType = sourcecode.swift; path = TabShape.swift; sourceTree = "<group>"; };
		3B46C9222C9D8CD100053008 /* TapPosition.swift */ = {isa = PBXFileReference; lastKnownFileType = sourcecode.swift; path = TapPosition.swift; sourceTree = "<group>"; };
		3B46C9242CA1BC7300053008 /* HomeView.swift */ = {isa = PBXFileReference; lastKnownFileType = sourcecode.swift; path = HomeView.swift; sourceTree = "<group>"; };
		3B46C9262CA1BC9600053008 /* SearchView.swift */ = {isa = PBXFileReference; lastKnownFileType = sourcecode.swift; path = SearchView.swift; sourceTree = "<group>"; };
		3B46C9282CA1BCAC00053008 /* FavoriteView.swift */ = {isa = PBXFileReference; lastKnownFileType = sourcecode.swift; path = FavoriteView.swift; sourceTree = "<group>"; };
		3B46C92A2CA1BCBA00053008 /* OrderView.swift */ = {isa = PBXFileReference; lastKnownFileType = sourcecode.swift; path = OrderView.swift; sourceTree = "<group>"; };
		3B46C92D2CA1BCDF00053008 /* UserView.swift */ = {isa = PBXFileReference; lastKnownFileType = sourcecode.swift; path = UserView.swift; sourceTree = "<group>"; };
		3B46C9352CA30F7C00053008 /* PaymentView.swift */ = {isa = PBXFileReference; lastKnownFileType = sourcecode.swift; path = PaymentView.swift; sourceTree = "<group>"; };
		3B46C9372CA30F8F00053008 /* PrivacyView.swift */ = {isa = PBXFileReference; lastKnownFileType = sourcecode.swift; path = PrivacyView.swift; sourceTree = "<group>"; };
		3B46C9392CA30FA300053008 /* HelpView.swift */ = {isa = PBXFileReference; lastKnownFileType = sourcecode.swift; path = HelpView.swift; sourceTree = "<group>"; };
		3B46C93B2CA30FB600053008 /* SettingView.swift */ = {isa = PBXFileReference; lastKnownFileType = sourcecode.swift; path = SettingView.swift; sourceTree = "<group>"; };
		3B46C93D2CA30FE000053008 /* ProfileView.swift */ = {isa = PBXFileReference; lastKnownFileType = sourcecode.swift; path = ProfileView.swift; sourceTree = "<group>"; };
		3B46C9412CAAF9BF00053008 /* LogOutVC.swift */ = {isa = PBXFileReference; lastKnownFileType = sourcecode.swift; path = LogOutVC.swift; sourceTree = "<group>"; };
		3B46C9482CAD6AD600053008 /* BurgerModel.swift */ = {isa = PBXFileReference; lastKnownFileType = sourcecode.swift; path = BurgerModel.swift; sourceTree = "<group>"; };
		3B46C94B2CAD76DF00053008 /* MainViewModel.swift */ = {isa = PBXFileReference; lastKnownFileType = sourcecode.swift; path = MainViewModel.swift; sourceTree = "<group>"; };
		3B46C94E2CAD775A00053008 /* NetworkService.swift */ = {isa = PBXFileReference; lastKnownFileType = sourcecode.swift; path = NetworkService.swift; sourceTree = "<group>"; };
		3B46C9512CAD7C7000053008 /* CachingService.swift */ = {isa = PBXFileReference; lastKnownFileType = sourcecode.swift; path = CachingService.swift; sourceTree = "<group>"; };
		3B46C9532CB5EDD000053008 /* PizzaModel.swift */ = {isa = PBXFileReference; lastKnownFileType = sourcecode.swift; path = PizzaModel.swift; sourceTree = "<group>"; };
		3B46C9552CB5F06900053008 /* DesertModel.swift */ = {isa = PBXFileReference; lastKnownFileType = sourcecode.swift; path = DesertModel.swift; sourceTree = "<group>"; };
		3B46C95A2CB7217D00053008 /* fetchImage.swift */ = {isa = PBXFileReference; lastKnownFileType = sourcecode.swift; path = fetchImage.swift; sourceTree = "<group>"; };
		3B46C95C2CB7376800053008 /* sysImage.swift */ = {isa = PBXFileReference; lastKnownFileType = sourcecode.swift; path = sysImage.swift; sourceTree = "<group>"; };
		3B46C95F2CB8510900053008 /* BurgerList.swift */ = {isa = PBXFileReference; lastKnownFileType = sourcecode.swift; path = BurgerList.swift; sourceTree = "<group>"; };
		3B46C9612CB8548F00053008 /* DetailsView.swift */ = {isa = PBXFileReference; lastKnownFileType = sourcecode.swift; path = DetailsView.swift; sourceTree = "<group>"; };
		3B46C9632CB8A24300053008 /* customBackButton.swift */ = {isa = PBXFileReference; lastKnownFileType = sourcecode.swift; path = customBackButton.swift; sourceTree = "<group>"; };
		3B46C9652CB8A69C00053008 /* IngredientsView.swift */ = {isa = PBXFileReference; lastKnownFileType = sourcecode.swift; path = IngredientsView.swift; sourceTree = "<group>"; };
		3B46C9672CBDC26E00053008 /* CartView.swift */ = {isa = PBXFileReference; lastKnownFileType = sourcecode.swift; path = CartView.swift; sourceTree = "<group>"; };
		3B46C9692CCB14A900053008 /* CardDetails.swift */ = {isa = PBXFileReference; lastKnownFileType = sourcecode.swift; path = CardDetails.swift; sourceTree = "<group>"; };
		3B46C96C2CCFCFF400053008 /* CardTypes.swift */ = {isa = PBXFileReference; lastKnownFileType = sourcecode.swift; path = CardTypes.swift; sourceTree = "<group>"; };
		3B46C96E2CD029BA00053008 /* CardService.swift */ = {isa = PBXFileReference; lastKnownFileType = sourcecode.swift; path = CardService.swift; sourceTree = "<group>"; };
		3B733D8D2C6AAFEC006D09FD /* burgerHub.app */ = {isa = PBXFileReference; explicitFileType = wrapper.application; includeInIndex = 0; path = burgerHub.app; sourceTree = BUILT_PRODUCTS_DIR; };
		3B733D902C6AAFEC006D09FD /* AppDelegate.swift */ = {isa = PBXFileReference; lastKnownFileType = sourcecode.swift; path = AppDelegate.swift; sourceTree = "<group>"; };
		3B733D922C6AAFEC006D09FD /* SceneDelegate.swift */ = {isa = PBXFileReference; lastKnownFileType = sourcecode.swift; path = SceneDelegate.swift; sourceTree = "<group>"; };
		3B733D942C6AAFEC006D09FD /* RegisterVC.swift */ = {isa = PBXFileReference; lastKnownFileType = sourcecode.swift; path = RegisterVC.swift; sourceTree = "<group>"; };
		3B733D992C6AAFEE006D09FD /* Assets.xcassets */ = {isa = PBXFileReference; lastKnownFileType = folder.assetcatalog; path = Assets.xcassets; sourceTree = "<group>"; };
		3B733D9C2C6AAFEE006D09FD /* Base */ = {isa = PBXFileReference; lastKnownFileType = file.storyboard; name = Base; path = Base.lproj/LaunchScreen.storyboard; sourceTree = "<group>"; };
		3B733D9E2C6AAFEE006D09FD /* Info.plist */ = {isa = PBXFileReference; lastKnownFileType = text.plist.xml; path = Info.plist; sourceTree = "<group>"; };
		3B733DA52C6CBE76006D09FD /* CustomLabel.swift */ = {isa = PBXFileReference; lastKnownFileType = sourcecode.swift; path = CustomLabel.swift; sourceTree = "<group>"; };
		3B733DAA2C6CC3A3006D09FD /* customView.swift */ = {isa = PBXFileReference; lastKnownFileType = sourcecode.swift; path = customView.swift; sourceTree = "<group>"; };
		3B733DAD2C6CC8FD006D09FD /* customStackView.swift */ = {isa = PBXFileReference; lastKnownFileType = sourcecode.swift; path = customStackView.swift; sourceTree = "<group>"; };
		3B733DB02C6CCE15006D09FD /* customUIImage.swift */ = {isa = PBXFileReference; lastKnownFileType = sourcecode.swift; path = customUIImage.swift; sourceTree = "<group>"; };
		3B733DB32C6CD9F2006D09FD /* CustomTextField.swift */ = {isa = PBXFileReference; lastKnownFileType = sourcecode.swift; path = CustomTextField.swift; sourceTree = "<group>"; };
		3B733DB62C6E3428006D09FD /* customButton.swift */ = {isa = PBXFileReference; lastKnownFileType = sourcecode.swift; path = customButton.swift; sourceTree = "<group>"; };
		3B733DB92C6E8C44006D09FD /* FiraGO-Regular.otf */ = {isa = PBXFileReference; lastKnownFileType = file; path = "FiraGO-Regular.otf"; sourceTree = "<group>"; };
		3B733DBB2C6EBBA3006D09FD /* LoginVC.swift */ = {isa = PBXFileReference; lastKnownFileType = sourcecode.swift; path = LoginVC.swift; sourceTree = "<group>"; };
		3B733DC12C6F6542006D09FD /* UserVC.swift */ = {isa = PBXFileReference; lastKnownFileType = sourcecode.swift; path = UserVC.swift; sourceTree = "<group>"; };
		3B733DC42C6F6B3E006D09FD /* authService.swift */ = {isa = PBXFileReference; lastKnownFileType = sourcecode.swift; path = authService.swift; sourceTree = "<group>"; };
		3B733DC92C6F6C12006D09FD /* registerVM.swift */ = {isa = PBXFileReference; lastKnownFileType = sourcecode.swift; path = registerVM.swift; sourceTree = "<group>"; };
		3B733DCC2C6F7E7D006D09FD /* alertExtension.swift */ = {isa = PBXFileReference; lastKnownFileType = sourcecode.swift; path = alertExtension.swift; sourceTree = "<group>"; };
		3B733DCF2C6FAF1B006D09FD /* LoginVM.swift */ = {isa = PBXFileReference; lastKnownFileType = sourcecode.swift; path = LoginVM.swift; sourceTree = "<group>"; };
		3B733DD12C74A9C8006D09FD /* UserViewModel.swift */ = {isa = PBXFileReference; lastKnownFileType = sourcecode.swift; path = UserViewModel.swift; sourceTree = "<group>"; };
		3B73A9092C9ACD4F00E72B9A /* ValidInfo.swift */ = {isa = PBXFileReference; lastKnownFileType = sourcecode.swift; path = ValidInfo.swift; sourceTree = "<group>"; };
		3BFE1B802CD436CB00201642 /* ScanningCard.swift */ = {isa = PBXFileReference; lastKnownFileType = sourcecode.swift; path = ScanningCard.swift; sourceTree = "<group>"; };
		3BFE1B822CD4549C00201642 /* ScannerVC.swift */ = {isa = PBXFileReference; lastKnownFileType = sourcecode.swift; path = ScannerVC.swift; sourceTree = "<group>"; };
/* End PBXFileReference section */

/* Begin PBXFrameworksBuildPhase section */
		3B733D8A2C6AAFEC006D09FD /* Frameworks */ = {
			isa = PBXFrameworksBuildPhase;
			buildActionMask = 2147483647;
			files = (
				3B51BD772C9B0DEF006DDF95 /* GoogleSignIn in Frameworks */,
				3B51BD792C9B0DEF006DDF95 /* GoogleSignInSwift in Frameworks */,
			);
			runOnlyForDeploymentPostprocessing = 0;
		};
/* End PBXFrameworksBuildPhase section */

/* Begin PBXGroup section */
		3B46C91B2C9C65DF00053008 /* TabBar */ = {
			isa = PBXGroup;
			children = (
				3B46C91C2C9C65F400053008 /* Tab.swift */,
				3B46C9202C9D89CD00053008 /* TabShape.swift */,
				3B46C91E2C9C6B3B00053008 /* TabViews.swift */,
				3B46C9222C9D8CD100053008 /* TapPosition.swift */,
			);
			path = TabBar;
			sourceTree = "<group>";
		};
		3B46C92F2CA30EE700053008 /* personalViews */ = {
			isa = PBXGroup;
			children = (
				3B46C9342CA30F6200053008 /* paymentView */,
				3B46C9332CA30F3E00053008 /* PrivacyPolicyView */,
				3B46C9322CA30F3700053008 /* helpView */,
				3B46C9312CA30F2900053008 /* settingView */,
				3B46C9302CA30F2100053008 /* profileView */,
			);
			path = personalViews;
			sourceTree = "<group>";
		};
		3B46C9302CA30F2100053008 /* profileView */ = {
			isa = PBXGroup;
			children = (
				3B46C93D2CA30FE000053008 /* ProfileView.swift */,
			);
			path = profileView;
			sourceTree = "<group>";
		};
		3B46C9312CA30F2900053008 /* settingView */ = {
			isa = PBXGroup;
			children = (
				3B46C93B2CA30FB600053008 /* SettingView.swift */,
			);
			path = settingView;
			sourceTree = "<group>";
		};
		3B46C9322CA30F3700053008 /* helpView */ = {
			isa = PBXGroup;
			children = (
				3B46C9392CA30FA300053008 /* HelpView.swift */,
			);
			path = helpView;
			sourceTree = "<group>";
		};
		3B46C9332CA30F3E00053008 /* PrivacyPolicyView */ = {
			isa = PBXGroup;
			children = (
				3B46C9372CA30F8F00053008 /* PrivacyView.swift */,
			);
			path = PrivacyPolicyView;
			sourceTree = "<group>";
		};
		3B46C9342CA30F6200053008 /* paymentView */ = {
			isa = PBXGroup;
			children = (
				3B46C9352CA30F7C00053008 /* PaymentView.swift */,
			);
			path = paymentView;
			sourceTree = "<group>";
		};
		3B46C9452CAD69BC00053008 /* TabViews */ = {
			isa = PBXGroup;
			children = (
				3B46C96B2CCFCFDA00053008 /* addCard */,
				3B733DDB2C761786006D09FD /* order */,
				3B733DDC2C761797006D09FD /* Favorite */,
				3B733DDD2C7617A5006D09FD /* Search */,
				3B733DDE2C7617C3006D09FD /* Home */,
			);
			path = TabViews;
			sourceTree = "<group>";
		};
		3B46C9472CAD69F400053008 /* model */ = {
			isa = PBXGroup;
			children = (
				3B46C9482CAD6AD600053008 /* BurgerModel.swift */,
				3B46C9532CB5EDD000053008 /* PizzaModel.swift */,
				3B46C9552CB5F06900053008 /* DesertModel.swift */,
			);
			path = model;
			sourceTree = "<group>";
		};
		3B46C94A2CAD76BA00053008 /* MainViewModel */ = {
			isa = PBXGroup;
			children = (
				3B46C94B2CAD76DF00053008 /* MainViewModel.swift */,
			);
			path = MainViewModel;
			sourceTree = "<group>";
		};
		3B46C94D2CAD774200053008 /* NetworkService */ = {
			isa = PBXGroup;
			children = (
				3B46C94E2CAD775A00053008 /* NetworkService.swift */,
			);
			path = NetworkService;
			sourceTree = "<group>";
		};
		3B46C9502CAD7C5600053008 /* CachingService */ = {
			isa = PBXGroup;
			children = (
				3B46C9512CAD7C7000053008 /* CachingService.swift */,
			);
			path = CachingService;
			sourceTree = "<group>";
		};
		3B46C9582CB71F6800053008 /* swiftUI extensions */ = {
			isa = PBXGroup;
			children = (
				3B46C9592CB71F7900053008 /* image */,
			);
			path = "swiftUI extensions";
			sourceTree = "<group>";
		};
		3B46C9592CB71F7900053008 /* image */ = {
			isa = PBXGroup;
			children = (
				3B46C95A2CB7217D00053008 /* fetchImage.swift */,
				3B46C95C2CB7376800053008 /* sysImage.swift */,
			);
			path = image;
			sourceTree = "<group>";
		};
		3B46C95E2CB850EB00053008 /* listBurgers */ = {
			isa = PBXGroup;
			children = (
				3B46C95F2CB8510900053008 /* BurgerList.swift */,
			);
			path = listBurgers;
			sourceTree = "<group>";
		};
		3B46C96B2CCFCFDA00053008 /* addCard */ = {
			isa = PBXGroup;
			children = (
				3B46C96C2CCFCFF400053008 /* CardTypes.swift */,
				3B46C96E2CD029BA00053008 /* CardService.swift */,
				3BFE1B802CD436CB00201642 /* ScanningCard.swift */,
				3BFE1B822CD4549C00201642 /* ScannerVC.swift */,
			);
			path = addCard;
			sourceTree = "<group>";
		};
		3B733D842C6AAFEC006D09FD = {
			isa = PBXGroup;
			children = (
				3B733D8F2C6AAFEC006D09FD /* burgerHub */,
				3B733D8E2C6AAFEC006D09FD /* Products */,
			);
			sourceTree = "<group>";
		};
		3B733D8E2C6AAFEC006D09FD /* Products */ = {
			isa = PBXGroup;
			children = (
				3B733D8D2C6AAFEC006D09FD /* burgerHub.app */,
			);
			name = Products;
			sourceTree = "<group>";
		};
		3B733D8F2C6AAFEC006D09FD /* burgerHub */ = {
			isa = PBXGroup;
			children = (
				3B46C9582CB71F6800053008 /* swiftUI extensions */,
				3B46C9502CAD7C5600053008 /* CachingService */,
				3B46C94D2CAD774200053008 /* NetworkService */,
				3B46C9472CAD69F400053008 /* model */,
				3B733DBE2C6F64F6006D09FD /* support */,
				3B733DBD2C6F64E1006D09FD /* authorization */,
				3B733DA42C6CBE60006D09FD /* UIKIT extension */,
				3B46C9452CAD69BC00053008 /* TabViews */,
				3B733DB82C6E8C02006D09FD /* fonts */,
				3B733D9E2C6AAFEE006D09FD /* Info.plist */,
				3B733DC72C6F6BAB006D09FD /* user */,
			);
			path = burgerHub;
			sourceTree = "<group>";
		};
		3B733DA42C6CBE60006D09FD /* UIKIT extension */ = {
			isa = PBXGroup;
			children = (
				3B733DCB2C6F7E68006D09FD /* customAlert */,
				3B733DB52C6E3418006D09FD /* customButtom */,
				3B733DB22C6CD9DF006D09FD /* customTextField */,
				3B733DAF2C6CCDD3006D09FD /* customUIimage */,
				3B733DAC2C6CC8E9006D09FD /* customStackView */,
				3B733DA92C6CC394006D09FD /* customView */,
				3B733DA72C6CBEFD006D09FD /* customLabel */,
			);
			path = "UIKIT extension";
			sourceTree = "<group>";
		};
		3B733DA72C6CBEFD006D09FD /* customLabel */ = {
			isa = PBXGroup;
			children = (
				3B733DA52C6CBE76006D09FD /* CustomLabel.swift */,
			);
			path = customLabel;
			sourceTree = "<group>";
		};
		3B733DA92C6CC394006D09FD /* customView */ = {
			isa = PBXGroup;
			children = (
				3B733DAA2C6CC3A3006D09FD /* customView.swift */,
			);
			path = customView;
			sourceTree = "<group>";
		};
		3B733DAC2C6CC8E9006D09FD /* customStackView */ = {
			isa = PBXGroup;
			children = (
				3B733DAD2C6CC8FD006D09FD /* customStackView.swift */,
			);
			path = customStackView;
			sourceTree = "<group>";
		};
		3B733DAF2C6CCDD3006D09FD /* customUIimage */ = {
			isa = PBXGroup;
			children = (
				3B733DB02C6CCE15006D09FD /* customUIImage.swift */,
			);
			path = customUIimage;
			sourceTree = "<group>";
		};
		3B733DB22C6CD9DF006D09FD /* customTextField */ = {
			isa = PBXGroup;
			children = (
				3B733DB32C6CD9F2006D09FD /* CustomTextField.swift */,
			);
			path = customTextField;
			sourceTree = "<group>";
		};
		3B733DB52C6E3418006D09FD /* customButtom */ = {
			isa = PBXGroup;
			children = (
				3B733DB62C6E3428006D09FD /* customButton.swift */,
			);
			path = customButtom;
			sourceTree = "<group>";
		};
		3B733DB82C6E8C02006D09FD /* fonts */ = {
			isa = PBXGroup;
			children = (
				3B733DB92C6E8C44006D09FD /* FiraGO-Regular.otf */,
			);
			path = fonts;
			sourceTree = "<group>";
		};
		3B733DBD2C6F64E1006D09FD /* authorization */ = {
			isa = PBXGroup;
			children = (
				3B733DC32C6F6B1C006D09FD /* authService */,
				3B733DCE2C6FAF09006D09FD /* loginVM */,
				3B733DC62C6F6B9B006D09FD /* registerVM */,
				3B733DBB2C6EBBA3006D09FD /* LoginVC.swift */,
				3B73A9092C9ACD4F00E72B9A /* ValidInfo.swift */,
				3B733D942C6AAFEC006D09FD /* RegisterVC.swift */,
			);
			path = authorization;
			sourceTree = "<group>";
		};
		3B733DBE2C6F64F6006D09FD /* support */ = {
			isa = PBXGroup;
			children = (
				3B46C91B2C9C65DF00053008 /* TabBar */,
				3B733D992C6AAFEE006D09FD /* Assets.xcassets */,
				3B733D9B2C6AAFEE006D09FD /* LaunchScreen.storyboard */,
				3B733D922C6AAFEC006D09FD /* SceneDelegate.swift */,
				3B733D902C6AAFEC006D09FD /* AppDelegate.swift */,
			);
			path = support;
			sourceTree = "<group>";
		};
		3B733DC32C6F6B1C006D09FD /* authService */ = {
			isa = PBXGroup;
			children = (
				3B733DC42C6F6B3E006D09FD /* authService.swift */,
			);
			path = authService;
			sourceTree = "<group>";
		};
		3B733DC62C6F6B9B006D09FD /* registerVM */ = {
			isa = PBXGroup;
			children = (
				3B733DC92C6F6C12006D09FD /* registerVM.swift */,
			);
			path = registerVM;
			sourceTree = "<group>";
		};
		3B733DC72C6F6BAB006D09FD /* user */ = {
			isa = PBXGroup;
			children = (
				3B46C92F2CA30EE700053008 /* personalViews */,
				3B733DC82C6F6BB5006D09FD /* userViewModel */,
				3B733DC12C6F6542006D09FD /* UserVC.swift */,
				3B46C9412CAAF9BF00053008 /* LogOutVC.swift */,
				3B46C92D2CA1BCDF00053008 /* UserView.swift */,
			);
			path = user;
			sourceTree = "<group>";
		};
		3B733DC82C6F6BB5006D09FD /* userViewModel */ = {
			isa = PBXGroup;
			children = (
				3B733DD12C74A9C8006D09FD /* UserViewModel.swift */,
			);
			path = userViewModel;
			sourceTree = "<group>";
		};
		3B733DCB2C6F7E68006D09FD /* customAlert */ = {
			isa = PBXGroup;
			children = (
				3B733DCC2C6F7E7D006D09FD /* alertExtension.swift */,
			);
			path = customAlert;
			sourceTree = "<group>";
		};
		3B733DCE2C6FAF09006D09FD /* loginVM */ = {
			isa = PBXGroup;
			children = (
				3B733DCF2C6FAF1B006D09FD /* LoginVM.swift */,
			);
			path = loginVM;
			sourceTree = "<group>";
		};
		3B733DDB2C761786006D09FD /* order */ = {
			isa = PBXGroup;
			children = (
				3B46C92A2CA1BCBA00053008 /* OrderView.swift */,
			);
			path = order;
			sourceTree = "<group>";
		};
		3B733DDC2C761797006D09FD /* Favorite */ = {
			isa = PBXGroup;
			children = (
				3B46C9282CA1BCAC00053008 /* FavoriteView.swift */,
			);
			path = Favorite;
			sourceTree = "<group>";
		};
		3B733DDD2C7617A5006D09FD /* Search */ = {
			isa = PBXGroup;
			children = (
				3B46C9262CA1BC9600053008 /* SearchView.swift */,
			);
			path = Search;
			sourceTree = "<group>";
		};
		3B733DDE2C7617C3006D09FD /* Home */ = {
			isa = PBXGroup;
			children = (
				3B46C94A2CAD76BA00053008 /* MainViewModel */,
				3B46C9242CA1BC7300053008 /* HomeView.swift */,
				3B46C95E2CB850EB00053008 /* listBurgers */,
				3B46C9612CB8548F00053008 /* DetailsView.swift */,
				3B46C9632CB8A24300053008 /* customBackButton.swift */,
				3B46C9692CCB14A900053008 /* CardDetails.swift */,
				3B46C9652CB8A69C00053008 /* IngredientsView.swift */,
				3B428E672CD96146007FB8C3 /* PaymentResultView .swift */,
				3B46C9672CBDC26E00053008 /* CartView.swift */,
			);
			path = Home;
			sourceTree = "<group>";
		};
/* End PBXGroup section */

/* Begin PBXNativeTarget section */
		3B733D8C2C6AAFEC006D09FD /* burgerHub */ = {
			isa = PBXNativeTarget;
			buildConfigurationList = 3B733DA12C6AAFEE006D09FD /* Build configuration list for PBXNativeTarget "burgerHub" */;
			buildPhases = (
				3B733D892C6AAFEC006D09FD /* Sources */,
				3B733D8A2C6AAFEC006D09FD /* Frameworks */,
				3B733D8B2C6AAFEC006D09FD /* Resources */,
			);
			buildRules = (
			);
			dependencies = (
			);
			name = burgerHub;
			packageProductDependencies = (
				3B51BD762C9B0DEF006DDF95 /* GoogleSignIn */,
				3B51BD782C9B0DEF006DDF95 /* GoogleSignInSwift */,
			);
			productName = burgerHub;
			productReference = 3B733D8D2C6AAFEC006D09FD /* burgerHub.app */;
			productType = "com.apple.product-type.application";
		};
/* End PBXNativeTarget section */

/* Begin PBXProject section */
		3B733D852C6AAFEC006D09FD /* Project object */ = {
			isa = PBXProject;
			attributes = {
				BuildIndependentTargetsInParallel = 1;
				LastSwiftUpdateCheck = 1540;
				LastUpgradeCheck = 1540;
				TargetAttributes = {
					3B733D8C2C6AAFEC006D09FD = {
						CreatedOnToolsVersion = 15.4;
					};
				};
			};
			buildConfigurationList = 3B733D882C6AAFEC006D09FD /* Build configuration list for PBXProject "burgerHub" */;
			compatibilityVersion = "Xcode 14.0";
			developmentRegion = en;
			hasScannedForEncodings = 0;
			knownRegions = (
				en,
				Base,
			);
			mainGroup = 3B733D842C6AAFEC006D09FD;
			packageReferences = (
				3B51BD752C9B0DEF006DDF95 /* XCRemoteSwiftPackageReference "GoogleSignIn-iOS" */,
			);
			productRefGroup = 3B733D8E2C6AAFEC006D09FD /* Products */;
			projectDirPath = "";
			projectRoot = "";
			targets = (
				3B733D8C2C6AAFEC006D09FD /* burgerHub */,
			);
		};
/* End PBXProject section */

/* Begin PBXResourcesBuildPhase section */
		3B733D8B2C6AAFEC006D09FD /* Resources */ = {
			isa = PBXResourcesBuildPhase;
			buildActionMask = 2147483647;
			files = (
				3B733D9A2C6AAFEE006D09FD /* Assets.xcassets in Resources */,
				3B733DBA2C6E8C44006D09FD /* FiraGO-Regular.otf in Resources */,
				3B733D9D2C6AAFEE006D09FD /* Base in Resources */,
			);
			runOnlyForDeploymentPostprocessing = 0;
		};
/* End PBXResourcesBuildPhase section */

/* Begin PBXSourcesBuildPhase section */
		3B733D892C6AAFEC006D09FD /* Sources */ = {
			isa = PBXSourcesBuildPhase;
			buildActionMask = 2147483647;
			files = (
				3B46C96A2CCB14A900053008 /* CardDetails.swift in Sources */,
				3B46C9682CBDC26E00053008 /* CartView.swift in Sources */,
				3B733DAB2C6CC3A3006D09FD /* customView.swift in Sources */,
				3B46C9522CAD7C7000053008 /* CachingService.swift in Sources */,
				3B733D952C6AAFEC006D09FD /* RegisterVC.swift in Sources */,
				3B733DCD2C6F7E7D006D09FD /* alertExtension.swift in Sources */,
				3B733DAE2C6CC8FD006D09FD /* customStackView.swift in Sources */,
				3B46C96F2CD029BA00053008 /* CardService.swift in Sources */,
				3B46C91D2C9C65F400053008 /* Tab.swift in Sources */,
				3B46C9382CA30F8F00053008 /* PrivacyView.swift in Sources */,
				3B733DA62C6CBE76006D09FD /* CustomLabel.swift in Sources */,
				3B46C93A2CA30FA300053008 /* HelpView.swift in Sources */,
				3B46C96D2CCFCFF400053008 /* CardTypes.swift in Sources */,
				3B733DC22C6F6542006D09FD /* UserVC.swift in Sources */,
				3B733DBC2C6EBBA3006D09FD /* LoginVC.swift in Sources */,
				3BFE1B832CD4549C00201642 /* ScannerVC.swift in Sources */,
				3B46C9212C9D89CE00053008 /* TabShape.swift in Sources */,
				3B73A90A2C9ACD4F00E72B9A /* ValidInfo.swift in Sources */,
				3BFE1B812CD436CB00201642 /* ScanningCard.swift in Sources */,
				3B733DB42C6CD9F2006D09FD /* CustomTextField.swift in Sources */,
				3B46C9642CB8A24300053008 /* customBackButton.swift in Sources */,
				3B46C9492CAD6AD700053008 /* BurgerModel.swift in Sources */,
				3B46C9232C9D8CD100053008 /* TapPosition.swift in Sources */,
				3B733DC52C6F6B3E006D09FD /* authService.swift in Sources */,
				3B46C9272CA1BC9600053008 /* SearchView.swift in Sources */,
				3B733DD22C74A9C8006D09FD /* UserViewModel.swift in Sources */,
				3B733D912C6AAFEC006D09FD /* AppDelegate.swift in Sources */,
				3B46C93E2CA30FE000053008 /* ProfileView.swift in Sources */,
				3B46C9542CB5EDD000053008 /* PizzaModel.swift in Sources */,
				3B46C94F2CAD775A00053008 /* NetworkService.swift in Sources */,
				3B46C9292CA1BCAC00053008 /* FavoriteView.swift in Sources */,
				3B46C95B2CB7217D00053008 /* fetchImage.swift in Sources */,
				3B46C93C2CA30FB600053008 /* SettingView.swift in Sources */,
				3B733DCA2C6F6C12006D09FD /* registerVM.swift in Sources */,
				3B733D932C6AAFEC006D09FD /* SceneDelegate.swift in Sources */,
				3B46C9362CA30F7C00053008 /* PaymentView.swift in Sources */,
				3B46C9622CB8548F00053008 /* DetailsView.swift in Sources */,
				3B46C94C2CAD76DF00053008 /* MainViewModel.swift in Sources */,
				3B46C92B2CA1BCBA00053008 /* OrderView.swift in Sources */,
				3B733DB12C6CCE15006D09FD /* customUIImage.swift in Sources */,
				3B46C91F2C9C6B3B00053008 /* TabViews.swift in Sources */,
				3B733DB72C6E3428006D09FD /* customButton.swift in Sources */,
				3B46C9602CB8510900053008 /* BurgerList.swift in Sources */,
				3B46C9422CAAF9BF00053008 /* LogOutVC.swift in Sources */,
				3B46C95D2CB7376800053008 /* sysImage.swift in Sources */,
				3B46C9562CB5F06900053008 /* DesertModel.swift in Sources */,
				3B46C92E2CA1BCDF00053008 /* UserView.swift in Sources */,
				3B46C9252CA1BC7300053008 /* HomeView.swift in Sources */,
				3B733DD02C6FAF1C006D09FD /* LoginVM.swift in Sources */,
				3B46C9662CB8A69C00053008 /* IngredientsView.swift in Sources */,
				3B428E682CD96146007FB8C3 /* PaymentResultView .swift in Sources */,
			);
			runOnlyForDeploymentPostprocessing = 0;
		};
/* End PBXSourcesBuildPhase section */

/* Begin PBXVariantGroup section */
		3B733D9B2C6AAFEE006D09FD /* LaunchScreen.storyboard */ = {
			isa = PBXVariantGroup;
			children = (
				3B733D9C2C6AAFEE006D09FD /* Base */,
			);
			name = LaunchScreen.storyboard;
			sourceTree = "<group>";
		};
/* End PBXVariantGroup section */

/* Begin XCBuildConfiguration section */
		3B733D9F2C6AAFEE006D09FD /* Debug */ = {
			isa = XCBuildConfiguration;
			buildSettings = {
				ALWAYS_SEARCH_USER_PATHS = NO;
				ASSETCATALOG_COMPILER_GENERATE_SWIFT_ASSET_SYMBOL_EXTENSIONS = YES;
				CLANG_ANALYZER_NONNULL = YES;
				CLANG_ANALYZER_NUMBER_OBJECT_CONVERSION = YES_AGGRESSIVE;
				CLANG_CXX_LANGUAGE_STANDARD = "gnu++20";
				CLANG_ENABLE_MODULES = YES;
				CLANG_ENABLE_OBJC_ARC = YES;
				CLANG_ENABLE_OBJC_WEAK = YES;
				CLANG_WARN_BLOCK_CAPTURE_AUTORELEASING = YES;
				CLANG_WARN_BOOL_CONVERSION = YES;
				CLANG_WARN_COMMA = YES;
				CLANG_WARN_CONSTANT_CONVERSION = YES;
				CLANG_WARN_DEPRECATED_OBJC_IMPLEMENTATIONS = YES;
				CLANG_WARN_DIRECT_OBJC_ISA_USAGE = YES_ERROR;
				CLANG_WARN_DOCUMENTATION_COMMENTS = YES;
				CLANG_WARN_EMPTY_BODY = YES;
				CLANG_WARN_ENUM_CONVERSION = YES;
				CLANG_WARN_INFINITE_RECURSION = YES;
				CLANG_WARN_INT_CONVERSION = YES;
				CLANG_WARN_NON_LITERAL_NULL_CONVERSION = YES;
				CLANG_WARN_OBJC_IMPLICIT_RETAIN_SELF = YES;
				CLANG_WARN_OBJC_LITERAL_CONVERSION = YES;
				CLANG_WARN_OBJC_ROOT_CLASS = YES_ERROR;
				CLANG_WARN_QUOTED_INCLUDE_IN_FRAMEWORK_HEADER = YES;
				CLANG_WARN_RANGE_LOOP_ANALYSIS = YES;
				CLANG_WARN_STRICT_PROTOTYPES = YES;
				CLANG_WARN_SUSPICIOUS_MOVE = YES;
				CLANG_WARN_UNGUARDED_AVAILABILITY = YES_AGGRESSIVE;
				CLANG_WARN_UNREACHABLE_CODE = YES;
				CLANG_WARN__DUPLICATE_METHOD_MATCH = YES;
				COPY_PHASE_STRIP = NO;
				DEBUG_INFORMATION_FORMAT = dwarf;
				ENABLE_STRICT_OBJC_MSGSEND = YES;
				ENABLE_TESTABILITY = YES;
				ENABLE_USER_SCRIPT_SANDBOXING = YES;
				GCC_C_LANGUAGE_STANDARD = gnu17;
				GCC_DYNAMIC_NO_PIC = NO;
				GCC_NO_COMMON_BLOCKS = YES;
				GCC_OPTIMIZATION_LEVEL = 0;
				GCC_PREPROCESSOR_DEFINITIONS = (
					"DEBUG=1",
					"$(inherited)",
				);
				GCC_WARN_64_TO_32_BIT_CONVERSION = YES;
				GCC_WARN_ABOUT_RETURN_TYPE = YES_ERROR;
				GCC_WARN_UNDECLARED_SELECTOR = YES;
				GCC_WARN_UNINITIALIZED_AUTOS = YES_AGGRESSIVE;
				GCC_WARN_UNUSED_FUNCTION = YES;
				GCC_WARN_UNUSED_VARIABLE = YES;
				IPHONEOS_DEPLOYMENT_TARGET = 17.5;
				LOCALIZATION_PREFERS_STRING_CATALOGS = YES;
				MTL_ENABLE_DEBUG_INFO = INCLUDE_SOURCE;
				MTL_FAST_MATH = YES;
				ONLY_ACTIVE_ARCH = YES;
				SDKROOT = iphoneos;
				SWIFT_ACTIVE_COMPILATION_CONDITIONS = "DEBUG $(inherited)";
				SWIFT_OPTIMIZATION_LEVEL = "-Onone";
			};
			name = Debug;
		};
		3B733DA02C6AAFEE006D09FD /* Release */ = {
			isa = XCBuildConfiguration;
			buildSettings = {
				ALWAYS_SEARCH_USER_PATHS = NO;
				ASSETCATALOG_COMPILER_GENERATE_SWIFT_ASSET_SYMBOL_EXTENSIONS = YES;
				CLANG_ANALYZER_NONNULL = YES;
				CLANG_ANALYZER_NUMBER_OBJECT_CONVERSION = YES_AGGRESSIVE;
				CLANG_CXX_LANGUAGE_STANDARD = "gnu++20";
				CLANG_ENABLE_MODULES = YES;
				CLANG_ENABLE_OBJC_ARC = YES;
				CLANG_ENABLE_OBJC_WEAK = YES;
				CLANG_WARN_BLOCK_CAPTURE_AUTORELEASING = YES;
				CLANG_WARN_BOOL_CONVERSION = YES;
				CLANG_WARN_COMMA = YES;
				CLANG_WARN_CONSTANT_CONVERSION = YES;
				CLANG_WARN_DEPRECATED_OBJC_IMPLEMENTATIONS = YES;
				CLANG_WARN_DIRECT_OBJC_ISA_USAGE = YES_ERROR;
				CLANG_WARN_DOCUMENTATION_COMMENTS = YES;
				CLANG_WARN_EMPTY_BODY = YES;
				CLANG_WARN_ENUM_CONVERSION = YES;
				CLANG_WARN_INFINITE_RECURSION = YES;
				CLANG_WARN_INT_CONVERSION = YES;
				CLANG_WARN_NON_LITERAL_NULL_CONVERSION = YES;
				CLANG_WARN_OBJC_IMPLICIT_RETAIN_SELF = YES;
				CLANG_WARN_OBJC_LITERAL_CONVERSION = YES;
				CLANG_WARN_OBJC_ROOT_CLASS = YES_ERROR;
				CLANG_WARN_QUOTED_INCLUDE_IN_FRAMEWORK_HEADER = YES;
				CLANG_WARN_RANGE_LOOP_ANALYSIS = YES;
				CLANG_WARN_STRICT_PROTOTYPES = YES;
				CLANG_WARN_SUSPICIOUS_MOVE = YES;
				CLANG_WARN_UNGUARDED_AVAILABILITY = YES_AGGRESSIVE;
				CLANG_WARN_UNREACHABLE_CODE = YES;
				CLANG_WARN__DUPLICATE_METHOD_MATCH = YES;
				COPY_PHASE_STRIP = NO;
				DEBUG_INFORMATION_FORMAT = "dwarf-with-dsym";
				ENABLE_NS_ASSERTIONS = NO;
				ENABLE_STRICT_OBJC_MSGSEND = YES;
				ENABLE_USER_SCRIPT_SANDBOXING = YES;
				GCC_C_LANGUAGE_STANDARD = gnu17;
				GCC_NO_COMMON_BLOCKS = YES;
				GCC_WARN_64_TO_32_BIT_CONVERSION = YES;
				GCC_WARN_ABOUT_RETURN_TYPE = YES_ERROR;
				GCC_WARN_UNDECLARED_SELECTOR = YES;
				GCC_WARN_UNINITIALIZED_AUTOS = YES_AGGRESSIVE;
				GCC_WARN_UNUSED_FUNCTION = YES;
				GCC_WARN_UNUSED_VARIABLE = YES;
				IPHONEOS_DEPLOYMENT_TARGET = 17.5;
				LOCALIZATION_PREFERS_STRING_CATALOGS = YES;
				MTL_ENABLE_DEBUG_INFO = NO;
				MTL_FAST_MATH = YES;
				SDKROOT = iphoneos;
				SWIFT_COMPILATION_MODE = wholemodule;
				VALIDATE_PRODUCT = YES;
			};
			name = Release;
		};
		3B733DA22C6AAFEE006D09FD /* Debug */ = {
			isa = XCBuildConfiguration;
			buildSettings = {
				ASSETCATALOG_COMPILER_APPICON_NAME = AppIcon;
				ASSETCATALOG_COMPILER_GLOBAL_ACCENT_COLOR_NAME = AccentColor;
				CODE_SIGN_STYLE = Automatic;
				CURRENT_PROJECT_VERSION = 1;
				DEVELOPMENT_TEAM = TL9HMZCCX7;
				GENERATE_INFOPLIST_FILE = YES;
				INFOPLIST_FILE = burgerHub/Info.plist;
				INFOPLIST_KEY_UIApplicationSupportsIndirectInputEvents = YES;
				INFOPLIST_KEY_UILaunchStoryboardName = LaunchScreen;
				INFOPLIST_KEY_UISupportedInterfaceOrientations_iPad = "UIInterfaceOrientationPortrait UIInterfaceOrientationPortraitUpsideDown UIInterfaceOrientationLandscapeLeft UIInterfaceOrientationLandscapeRight";
				INFOPLIST_KEY_UISupportedInterfaceOrientations_iPhone = "UIInterfaceOrientationPortrait UIInterfaceOrientationLandscapeLeft UIInterfaceOrientationLandscapeRight";
				LD_RUNPATH_SEARCH_PATHS = (
					"$(inherited)",
					"@executable_path/Frameworks",
				);
				MARKETING_VERSION = 1.0;
				PRODUCT_BUNDLE_IDENTIFIER = "com.vano-s.burgerHub";
				PRODUCT_NAME = "$(TARGET_NAME)";
				SWIFT_EMIT_LOC_STRINGS = YES;
				SWIFT_VERSION = 5.0;
				TARGETED_DEVICE_FAMILY = "1,2";
			};
			name = Debug;
		};
		3B733DA32C6AAFEE006D09FD /* Release */ = {
			isa = XCBuildConfiguration;
			buildSettings = {
				ASSETCATALOG_COMPILER_APPICON_NAME = AppIcon;
				ASSETCATALOG_COMPILER_GLOBAL_ACCENT_COLOR_NAME = AccentColor;
				CODE_SIGN_STYLE = Automatic;
				CURRENT_PROJECT_VERSION = 1;
				DEVELOPMENT_TEAM = TL9HMZCCX7;
				GENERATE_INFOPLIST_FILE = YES;
				INFOPLIST_FILE = burgerHub/Info.plist;
				INFOPLIST_KEY_UIApplicationSupportsIndirectInputEvents = YES;
				INFOPLIST_KEY_UILaunchStoryboardName = LaunchScreen;
				INFOPLIST_KEY_UISupportedInterfaceOrientations_iPad = "UIInterfaceOrientationPortrait UIInterfaceOrientationPortraitUpsideDown UIInterfaceOrientationLandscapeLeft UIInterfaceOrientationLandscapeRight";
				INFOPLIST_KEY_UISupportedInterfaceOrientations_iPhone = "UIInterfaceOrientationPortrait UIInterfaceOrientationLandscapeLeft UIInterfaceOrientationLandscapeRight";
				LD_RUNPATH_SEARCH_PATHS = (
					"$(inherited)",
					"@executable_path/Frameworks",
				);
				MARKETING_VERSION = 1.0;
				PRODUCT_BUNDLE_IDENTIFIER = "com.vano-s.burgerHub";
				PRODUCT_NAME = "$(TARGET_NAME)";
				SWIFT_EMIT_LOC_STRINGS = YES;
				SWIFT_VERSION = 5.0;
				TARGETED_DEVICE_FAMILY = "1,2";
			};
			name = Release;
		};
/* End XCBuildConfiguration section */

/* Begin XCConfigurationList section */
		3B733D882C6AAFEC006D09FD /* Build configuration list for PBXProject "burgerHub" */ = {
			isa = XCConfigurationList;
			buildConfigurations = (
				3B733D9F2C6AAFEE006D09FD /* Debug */,
				3B733DA02C6AAFEE006D09FD /* Release */,
			);
			defaultConfigurationIsVisible = 0;
			defaultConfigurationName = Release;
		};
		3B733DA12C6AAFEE006D09FD /* Build configuration list for PBXNativeTarget "burgerHub" */ = {
			isa = XCConfigurationList;
			buildConfigurations = (
				3B733DA22C6AAFEE006D09FD /* Debug */,
				3B733DA32C6AAFEE006D09FD /* Release */,
			);
			defaultConfigurationIsVisible = 0;
			defaultConfigurationName = Release;
		};
/* End XCConfigurationList section */

/* Begin XCRemoteSwiftPackageReference section */
		3B51BD752C9B0DEF006DDF95 /* XCRemoteSwiftPackageReference "GoogleSignIn-iOS" */ = {
			isa = XCRemoteSwiftPackageReference;
			repositoryURL = "https://github.com/google/GoogleSignIn-iOS.git";
			requirement = {
				kind = upToNextMajorVersion;
				minimumVersion = 8.0.0;
			};
		};
/* End XCRemoteSwiftPackageReference section */

/* Begin XCSwiftPackageProductDependency section */
		3B51BD762C9B0DEF006DDF95 /* GoogleSignIn */ = {
			isa = XCSwiftPackageProductDependency;
			package = 3B51BD752C9B0DEF006DDF95 /* XCRemoteSwiftPackageReference "GoogleSignIn-iOS" */;
			productName = GoogleSignIn;
		};
		3B51BD782C9B0DEF006DDF95 /* GoogleSignInSwift */ = {
			isa = XCSwiftPackageProductDependency;
			package = 3B51BD752C9B0DEF006DDF95 /* XCRemoteSwiftPackageReference "GoogleSignIn-iOS" */;
			productName = GoogleSignInSwift;
		};
/* End XCSwiftPackageProductDependency section */
	};
	rootObject = 3B733D852C6AAFEC006D09FD /* Project object */;
}
